
Microsoft Visual Studio Solution File, Format Version 12.00
# Visual Studio Version 17
VisualStudioVersion = 17.8.34511.84
MinimumVisualStudioVersion = 10.0.40219.1
Project("{8BC9CEB8-8B4A-11D0-8D11-00A0C91BC942}") = "merge dinamico", "merge dinamico.vcxproj", "{2251B991-BD9C-4746-B578-6029F5B9C168}"
EndProject
Global
	GlobalSection(SolutionConfigurationPlatforms) = preSolution
		Debug|x64 = Debug|x64
		Debug|x86 = Debug|x86
		Release|x64 = Release|x64
		Release|x86 = Release|x86
	EndGlobalSection
	GlobalSection(ProjectConfigurationPlatforms) = postSolution
		{2251B991-BD9C-4746-B578-6029F5B9C168}.Debug|x64.ActiveCfg = Debug|x64
		{2251B991-BD9C-4746-B578-6029F5B9C168}.Debug|x64.Build.0 = Debug|x64
		{2251B991-BD9C-4746-B578-6029F5B9C168}.Debug|x86.ActiveCfg = Debug|Win32
		{2251B991-BD9C-4746-B578-6029F5B9C168}.Debug|x86.Build.0 = Debug|Win32
		{2251B991-BD9C-4746-B578-6029F5B9C168}.Release|x64.ActiveCfg = Release|x64
		{2251B991-BD9C-4746-B578-6029F5B9C168}.Release|x64.Build.0 = Release|x64
		{2251B991-BD9C-4746-B578-6029F5B9C168}.Release|x86.ActiveCfg = Release|Win32
		{2251B991-BD9C-4746-B578-6029F5B9C168}.Release|x86.Build.0 = Release|Win32
	EndGlobalSection
	GlobalSection(SolutionProperties) = preSolution
		HideSolutionNode = FALSE
	EndGlobalSection
	GlobalSection(ExtensibilityGlobals) = postSolution
		SolutionGuid = {9711D2C7-9138-41E5-91EE-4B783960C8D8}
	EndGlobalSection
EndGlobal
